
Microsoft Visual Studio Solution File, Format Version 12.00
# Visual Studio Version 17
VisualStudioVersion = 17.14.36401.2
MinimumVisualStudioVersion = 10.0.40219.1
Project("{FAE04EC0-301F-11D3-BF4B-00C04F79EFBC}") = "EduPay", "EduPay.csproj", "{C8A06D9A-A538-48D3-B339-783E39556265}"
EndProject
Project("{FAE04EC0-301F-11D3-BF4B-00C04F79EFBC}") = "EduPay.Domain", "EduPay.Domain\EduPay.Domain.csproj", "{9DDFE7DD-75EC-4C3E-82DF-D06ECC3D5578}"
EndProject
Project("{FAE04EC0-301F-11D3-BF4B-00C04F79EFBC}") = "EduPay.Infra.Data", "EduPay.Infra.Data\EduPay.Infra.Data.csproj", "{0D1B4E9B-8035-4394-B16B-48E5ACCEBBDA}"
EndProject
Project("{FAE04EC0-301F-11D3-BF4B-00C04F79EFBC}") = "EduPay.Infra.Ioc", "EduPay.Infra.Ioc\EduPay.Infra.Ioc.csproj", "{588C9303-769C-4AD8-A492-C0D1D7CAB0A0}"
EndProject
Project("{FAE04EC0-301F-11D3-BF4B-00C04F79EFBC}") = "EduPay.Application", "EduPay.Application\EduPay.Application.csproj", "{8AA2722E-D7B7-4C23-B8F6-F0340B00B46A}"
EndProject
Global
	GlobalSection(SolutionConfigurationPlatforms) = preSolution
		Debug|Any CPU = Debug|Any CPU
		Release|Any CPU = Release|Any CPU
	EndGlobalSection
	GlobalSection(ProjectConfigurationPlatforms) = postSolution
		{C8A06D9A-A538-48D3-B339-783E39556265}.Debug|Any CPU.ActiveCfg = Debug|Any CPU
		{C8A06D9A-A538-48D3-B339-783E39556265}.Debug|Any CPU.Build.0 = Debug|Any CPU
		{C8A06D9A-A538-48D3-B339-783E39556265}.Release|Any CPU.ActiveCfg = Release|Any CPU
		{C8A06D9A-A538-48D3-B339-783E39556265}.Release|Any CPU.Build.0 = Release|Any CPU
		{9DDFE7DD-75EC-4C3E-82DF-D06ECC3D5578}.Debug|Any CPU.ActiveCfg = Debug|Any CPU
		{9DDFE7DD-75EC-4C3E-82DF-D06ECC3D5578}.Debug|Any CPU.Build.0 = Debug|Any CPU
		{9DDFE7DD-75EC-4C3E-82DF-D06ECC3D5578}.Release|Any CPU.ActiveCfg = Release|Any CPU
		{9DDFE7DD-75EC-4C3E-82DF-D06ECC3D5578}.Release|Any CPU.Build.0 = Release|Any CPU
		{0D1B4E9B-8035-4394-B16B-48E5ACCEBBDA}.Debug|Any CPU.ActiveCfg = Debug|Any CPU
		{0D1B4E9B-8035-4394-B16B-48E5ACCEBBDA}.Debug|Any CPU.Build.0 = Debug|Any CPU
		{0D1B4E9B-8035-4394-B16B-48E5ACCEBBDA}.Release|Any CPU.ActiveCfg = Release|Any CPU
		{0D1B4E9B-8035-4394-B16B-48E5ACCEBBDA}.Release|Any CPU.Build.0 = Release|Any CPU
		{588C9303-769C-4AD8-A492-C0D1D7CAB0A0}.Debug|Any CPU.ActiveCfg = Debug|Any CPU
		{588C9303-769C-4AD8-A492-C0D1D7CAB0A0}.Debug|Any CPU.Build.0 = Debug|Any CPU
		{588C9303-769C-4AD8-A492-C0D1D7CAB0A0}.Release|Any CPU.ActiveCfg = Release|Any CPU
		{588C9303-769C-4AD8-A492-C0D1D7CAB0A0}.Release|Any CPU.Build.0 = Release|Any CPU
		{8AA2722E-D7B7-4C23-B8F6-F0340B00B46A}.Debug|Any CPU.ActiveCfg = Debug|Any CPU
		{8AA2722E-D7B7-4C23-B8F6-F0340B00B46A}.Debug|Any CPU.Build.0 = Debug|Any CPU
		{8AA2722E-D7B7-4C23-B8F6-F0340B00B46A}.Release|Any CPU.ActiveCfg = Release|Any CPU
		{8AA2722E-D7B7-4C23-B8F6-F0340B00B46A}.Release|Any CPU.Build.0 = Release|Any CPU
	EndGlobalSection
	GlobalSection(SolutionProperties) = preSolution
		HideSolutionNode = FALSE
	EndGlobalSection
	GlobalSection(ExtensibilityGlobals) = postSolution
		SolutionGuid = {29894185-7752-4CE3-948D-A923583F2AFB}
	EndGlobalSection
EndGlobal
